// !$*UTF8*$!
{
	archiveVersion = 1;
	classes = {
	};
	objectVersion = 50;
	objects = {

/* Begin PBXBuildFile section */
		0E2E4E0821DA8D6400D3A526 /* DatePickerView.swift in Sources */ = {isa = PBXBuildFile; fileRef = 0E2E4E0621DA8D6400D3A526 /* DatePickerView.swift */; };
		0E2E4E0921DA8D6400D3A526 /* DatePickerView.xib in Resources */ = {isa = PBXBuildFile; fileRef = 0E2E4E0721DA8D6400D3A526 /* DatePickerView.xib */; };
		0E67D05721CA06D90030A9F5 /* FridgeCell.swift in Sources */ = {isa = PBXBuildFile; fileRef = 0E67D05621CA06D90030A9F5 /* FridgeCell.swift */; };
		0E7CF92221D665B70009F591 /* DataPassable.swift in Sources */ = {isa = PBXBuildFile; fileRef = 0E7CF92121D665B70009F591 /* DataPassable.swift */; };
		0E97AA8721DD3A2E00B61DBD /* Fridge.swift in Sources */ = {isa = PBXBuildFile; fileRef = 0E97AA8621DD3A2E00B61DBD /* Fridge.swift */; };
		0EA2E0C421D5441B00F08BA9 /* IconVC.swift in Sources */ = {isa = PBXBuildFile; fileRef = 0EA2E0C321D5441B00F08BA9 /* IconVC.swift */; };
		0EA2E0C621D545DB00F08BA9 /* IconCell.swift in Sources */ = {isa = PBXBuildFile; fileRef = 0EA2E0C521D545DB00F08BA9 /* IconCell.swift */; };
		0EF9FAF421D3D7FD00C8A71C /* Item.swift in Sources */ = {isa = PBXBuildFile; fileRef = 0EF9FAF321D3D7FD00C8A71C /* Item.swift */; };
		0EF9FAF621D3E7CB00C8A71C /* Delay.swift in Sources */ = {isa = PBXBuildFile; fileRef = 0EF9FAF521D3E7CB00C8A71C /* Delay.swift */; };
		2B8E60811369337C10A7B1DF /* Pods_SimpleFridgeUITests.framework in Frameworks */ = {isa = PBXBuildFile; fileRef = 67723B82F6EF933712A90B45 /* Pods_SimpleFridgeUITests.framework */; };
		A9E71AE1D14A1DF6930E2DFD /* Pods_SimpleFridgeTests.framework in Frameworks */ = {isa = PBXBuildFile; fileRef = 5984C8708E707EB25E3142E0 /* Pods_SimpleFridgeTests.framework */; };
		AC8BE30C62F4E3ED3325991B /* Pods_SimpleFridge.framework in Frameworks */ = {isa = PBXBuildFile; fileRef = 7D9BAF4A6BEE46E17EC30EFB /* Pods_SimpleFridge.framework */; };
		ED30BEE821CD248D0033B3D0 /* MainVM.swift in Sources */ = {isa = PBXBuildFile; fileRef = ED30BEE721CD248D0033B3D0 /* MainVM.swift */; };
		ED30BEEA21CD4DEE0033B3D0 /* ItemVM.swift in Sources */ = {isa = PBXBuildFile; fileRef = ED30BEE921CD4DEE0033B3D0 /* ItemVM.swift */; };
		EDBE894621CE797C006A91D3 /* ItemVC.swift in Sources */ = {isa = PBXBuildFile; fileRef = EDBE894521CE797C006A91D3 /* ItemVC.swift */; };
		EDBE894821CE7F18006A91D3 /* ItemCell.swift in Sources */ = {isa = PBXBuildFile; fileRef = EDBE894721CE7F18006A91D3 /* ItemCell.swift */; };
		EDBE894A21CE8F0C006A91D3 /* Segue.swift in Sources */ = {isa = PBXBuildFile; fileRef = EDBE894921CE8F0C006A91D3 /* Segue.swift */; };
		EDC431FC21CFEA7B0001B474 /* AddVC.swift in Sources */ = {isa = PBXBuildFile; fileRef = EDC431FB21CFEA7B0001B474 /* AddVC.swift */; };
		EDC431FE21CFF1E60001B474 /* AddVM.swift in Sources */ = {isa = PBXBuildFile; fileRef = EDC431FD21CFF1E60001B474 /* AddVM.swift */; };
		EDD0D77C21C7F4E2008B48A4 /* AppDelegate.swift in Sources */ = {isa = PBXBuildFile; fileRef = EDD0D77B21C7F4E2008B48A4 /* AppDelegate.swift */; };
		EDD0D77E21C7F4E2008B48A4 /* MainVC.swift in Sources */ = {isa = PBXBuildFile; fileRef = EDD0D77D21C7F4E2008B48A4 /* MainVC.swift */; };
		EDD0D78121C7F4E2008B48A4 /* Main.storyboard in Resources */ = {isa = PBXBuildFile; fileRef = EDD0D77F21C7F4E2008B48A4 /* Main.storyboard */; };
		EDD0D78421C7F4E2008B48A4 /* SimpleFridge.xcdatamodeld in Sources */ = {isa = PBXBuildFile; fileRef = EDD0D78221C7F4E2008B48A4 /* SimpleFridge.xcdatamodeld */; };
		EDD0D78621C7F4E4008B48A4 /* Assets.xcassets in Resources */ = {isa = PBXBuildFile; fileRef = EDD0D78521C7F4E4008B48A4 /* Assets.xcassets */; };
		EDD0D78921C7F4E4008B48A4 /* LaunchScreen.storyboard in Resources */ = {isa = PBXBuildFile; fileRef = EDD0D78721C7F4E4008B48A4 /* LaunchScreen.storyboard */; };
		EDD0D79421C7F4E4008B48A4 /* SimpleFridgeTests.swift in Sources */ = {isa = PBXBuildFile; fileRef = EDD0D79321C7F4E4008B48A4 /* SimpleFridgeTests.swift */; };
		EDD0D79F21C7F4E4008B48A4 /* SimpleFridgeUITests.swift in Sources */ = {isa = PBXBuildFile; fileRef = EDD0D79E21C7F4E4008B48A4 /* SimpleFridgeUITests.swift */; };
/* End PBXBuildFile section */

/* Begin PBXContainerItemProxy section */
		EDD0D79021C7F4E4008B48A4 /* PBXContainerItemProxy */ = {
			isa = PBXContainerItemProxy;
			containerPortal = EDD0D77021C7F4E2008B48A4 /* Project object */;
			proxyType = 1;
			remoteGlobalIDString = EDD0D77721C7F4E2008B48A4;
			remoteInfo = SimpleFridge;
		};
		EDD0D79B21C7F4E4008B48A4 /* PBXContainerItemProxy */ = {
			isa = PBXContainerItemProxy;
			containerPortal = EDD0D77021C7F4E2008B48A4 /* Project object */;
			proxyType = 1;
			remoteGlobalIDString = EDD0D77721C7F4E2008B48A4;
			remoteInfo = SimpleFridge;
		};
/* End PBXContainerItemProxy section */

/* Begin PBXFileReference section */
		0E2E4E0621DA8D6400D3A526 /* DatePickerView.swift */ = {isa = PBXFileReference; fileEncoding = 4; lastKnownFileType = sourcecode.swift; path = DatePickerView.swift; sourceTree = "<group>"; };
		0E2E4E0721DA8D6400D3A526 /* DatePickerView.xib */ = {isa = PBXFileReference; fileEncoding = 4; lastKnownFileType = file.xib; path = DatePickerView.xib; sourceTree = "<group>"; };
		0E67D05621CA06D90030A9F5 /* FridgeCell.swift */ = {isa = PBXFileReference; lastKnownFileType = sourcecode.swift; path = FridgeCell.swift; sourceTree = "<group>"; };
		0E7CF92121D665B70009F591 /* DataPassable.swift */ = {isa = PBXFileReference; lastKnownFileType = sourcecode.swift; path = DataPassable.swift; sourceTree = "<group>"; };
		0E97AA8621DD3A2E00B61DBD /* Fridge.swift */ = {isa = PBXFileReference; lastKnownFileType = sourcecode.swift; path = Fridge.swift; sourceTree = "<group>"; };
		0EA2E0C321D5441B00F08BA9 /* IconVC.swift */ = {isa = PBXFileReference; lastKnownFileType = sourcecode.swift; path = IconVC.swift; sourceTree = "<group>"; };
		0EA2E0C521D545DB00F08BA9 /* IconCell.swift */ = {isa = PBXFileReference; lastKnownFileType = sourcecode.swift; path = IconCell.swift; sourceTree = "<group>"; };
		0EF9FAF321D3D7FD00C8A71C /* Item.swift */ = {isa = PBXFileReference; lastKnownFileType = sourcecode.swift; path = Item.swift; sourceTree = "<group>"; };
		0EF9FAF521D3E7CB00C8A71C /* Delay.swift */ = {isa = PBXFileReference; lastKnownFileType = sourcecode.swift; path = Delay.swift; sourceTree = "<group>"; };
		18935D33A4615A2EB05DB99E /* Pods-SimpleFridge.release.xcconfig */ = {isa = PBXFileReference; includeInIndex = 1; lastKnownFileType = text.xcconfig; name = "Pods-SimpleFridge.release.xcconfig"; path = "Pods/Target Support Files/Pods-SimpleFridge/Pods-SimpleFridge.release.xcconfig"; sourceTree = "<group>"; };
		467CA7BBBAC6D5916820F09C /* Pods-SimpleFridgeUITests.release.xcconfig */ = {isa = PBXFileReference; includeInIndex = 1; lastKnownFileType = text.xcconfig; name = "Pods-SimpleFridgeUITests.release.xcconfig"; path = "Pods/Target Support Files/Pods-SimpleFridgeUITests/Pods-SimpleFridgeUITests.release.xcconfig"; sourceTree = "<group>"; };
		52D03B892D09D5C405AC8A07 /* Pods-SimpleFridgeTests.debug.xcconfig */ = {isa = PBXFileReference; includeInIndex = 1; lastKnownFileType = text.xcconfig; name = "Pods-SimpleFridgeTests.debug.xcconfig"; path = "Pods/Target Support Files/Pods-SimpleFridgeTests/Pods-SimpleFridgeTests.debug.xcconfig"; sourceTree = "<group>"; };
		5984C8708E707EB25E3142E0 /* Pods_SimpleFridgeTests.framework */ = {isa = PBXFileReference; explicitFileType = wrapper.framework; includeInIndex = 0; path = Pods_SimpleFridgeTests.framework; sourceTree = BUILT_PRODUCTS_DIR; };
		67723B82F6EF933712A90B45 /* Pods_SimpleFridgeUITests.framework */ = {isa = PBXFileReference; explicitFileType = wrapper.framework; includeInIndex = 0; path = Pods_SimpleFridgeUITests.framework; sourceTree = BUILT_PRODUCTS_DIR; };
		7D9BAF4A6BEE46E17EC30EFB /* Pods_SimpleFridge.framework */ = {isa = PBXFileReference; explicitFileType = wrapper.framework; includeInIndex = 0; path = Pods_SimpleFridge.framework; sourceTree = BUILT_PRODUCTS_DIR; };
		E5B38288AA5F161786D75ACA /* Pods-SimpleFridgeTests.release.xcconfig */ = {isa = PBXFileReference; includeInIndex = 1; lastKnownFileType = text.xcconfig; name = "Pods-SimpleFridgeTests.release.xcconfig"; path = "Pods/Target Support Files/Pods-SimpleFridgeTests/Pods-SimpleFridgeTests.release.xcconfig"; sourceTree = "<group>"; };
		ED30BEE721CD248D0033B3D0 /* MainVM.swift */ = {isa = PBXFileReference; lastKnownFileType = sourcecode.swift; path = MainVM.swift; sourceTree = "<group>"; };
		ED30BEE921CD4DEE0033B3D0 /* ItemVM.swift */ = {isa = PBXFileReference; lastKnownFileType = sourcecode.swift; path = ItemVM.swift; sourceTree = "<group>"; };
		EDBE894521CE797C006A91D3 /* ItemVC.swift */ = {isa = PBXFileReference; lastKnownFileType = sourcecode.swift; path = ItemVC.swift; sourceTree = "<group>"; };
		EDBE894721CE7F18006A91D3 /* ItemCell.swift */ = {isa = PBXFileReference; lastKnownFileType = sourcecode.swift; path = ItemCell.swift; sourceTree = "<group>"; };
		EDBE894921CE8F0C006A91D3 /* Segue.swift */ = {isa = PBXFileReference; lastKnownFileType = sourcecode.swift; path = Segue.swift; sourceTree = "<group>"; };
		EDC431FB21CFEA7B0001B474 /* AddVC.swift */ = {isa = PBXFileReference; lastKnownFileType = sourcecode.swift; path = AddVC.swift; sourceTree = "<group>"; };
		EDC431FD21CFF1E60001B474 /* AddVM.swift */ = {isa = PBXFileReference; lastKnownFileType = sourcecode.swift; path = AddVM.swift; sourceTree = "<group>"; };
		EDD0D77821C7F4E2008B48A4 /* SimpleFridge.app */ = {isa = PBXFileReference; explicitFileType = wrapper.application; includeInIndex = 0; path = SimpleFridge.app; sourceTree = BUILT_PRODUCTS_DIR; };
		EDD0D77B21C7F4E2008B48A4 /* AppDelegate.swift */ = {isa = PBXFileReference; lastKnownFileType = sourcecode.swift; path = AppDelegate.swift; sourceTree = "<group>"; };
		EDD0D77D21C7F4E2008B48A4 /* MainVC.swift */ = {isa = PBXFileReference; lastKnownFileType = sourcecode.swift; path = MainVC.swift; sourceTree = "<group>"; };
		EDD0D78021C7F4E2008B48A4 /* Base */ = {isa = PBXFileReference; lastKnownFileType = file.storyboard; name = Base; path = Base.lproj/Main.storyboard; sourceTree = "<group>"; };
		EDD0D78321C7F4E2008B48A4 /* SimpleFridge.xcdatamodel */ = {isa = PBXFileReference; lastKnownFileType = wrapper.xcdatamodel; path = SimpleFridge.xcdatamodel; sourceTree = "<group>"; };
		EDD0D78521C7F4E4008B48A4 /* Assets.xcassets */ = {isa = PBXFileReference; lastKnownFileType = folder.assetcatalog; path = Assets.xcassets; sourceTree = "<group>"; };
		EDD0D78821C7F4E4008B48A4 /* Base */ = {isa = PBXFileReference; lastKnownFileType = file.storyboard; name = Base; path = Base.lproj/LaunchScreen.storyboard; sourceTree = "<group>"; };
		EDD0D78A21C7F4E4008B48A4 /* Info.plist */ = {isa = PBXFileReference; lastKnownFileType = text.plist.xml; path = Info.plist; sourceTree = "<group>"; };
		EDD0D78F21C7F4E4008B48A4 /* SimpleFridgeTests.xctest */ = {isa = PBXFileReference; explicitFileType = wrapper.cfbundle; includeInIndex = 0; path = SimpleFridgeTests.xctest; sourceTree = BUILT_PRODUCTS_DIR; };
		EDD0D79321C7F4E4008B48A4 /* SimpleFridgeTests.swift */ = {isa = PBXFileReference; lastKnownFileType = sourcecode.swift; path = SimpleFridgeTests.swift; sourceTree = "<group>"; };
		EDD0D79521C7F4E4008B48A4 /* Info.plist */ = {isa = PBXFileReference; lastKnownFileType = text.plist.xml; path = Info.plist; sourceTree = "<group>"; };
		EDD0D79A21C7F4E4008B48A4 /* SimpleFridgeUITests.xctest */ = {isa = PBXFileReference; explicitFileType = wrapper.cfbundle; includeInIndex = 0; path = SimpleFridgeUITests.xctest; sourceTree = BUILT_PRODUCTS_DIR; };
		EDD0D79E21C7F4E4008B48A4 /* SimpleFridgeUITests.swift */ = {isa = PBXFileReference; lastKnownFileType = sourcecode.swift; path = SimpleFridgeUITests.swift; sourceTree = "<group>"; };
		EDD0D7A021C7F4E4008B48A4 /* Info.plist */ = {isa = PBXFileReference; lastKnownFileType = text.plist.xml; path = Info.plist; sourceTree = "<group>"; };
		F2CA1E43BAB158BA1F8B070A /* Pods-SimpleFridgeUITests.debug.xcconfig */ = {isa = PBXFileReference; includeInIndex = 1; lastKnownFileType = text.xcconfig; name = "Pods-SimpleFridgeUITests.debug.xcconfig"; path = "Pods/Target Support Files/Pods-SimpleFridgeUITests/Pods-SimpleFridgeUITests.debug.xcconfig"; sourceTree = "<group>"; };
		FDDCD8DCE0E64EDA9EF93C03 /* Pods-SimpleFridge.debug.xcconfig */ = {isa = PBXFileReference; includeInIndex = 1; lastKnownFileType = text.xcconfig; name = "Pods-SimpleFridge.debug.xcconfig"; path = "Pods/Target Support Files/Pods-SimpleFridge/Pods-SimpleFridge.debug.xcconfig"; sourceTree = "<group>"; };
/* End PBXFileReference section */

/* Begin PBXFrameworksBuildPhase section */
		EDD0D77521C7F4E2008B48A4 /* Frameworks */ = {
			isa = PBXFrameworksBuildPhase;
			buildActionMask = 2147483647;
			files = (
				AC8BE30C62F4E3ED3325991B /* Pods_SimpleFridge.framework in Frameworks */,
			);
			runOnlyForDeploymentPostprocessing = 0;
		};
		EDD0D78C21C7F4E4008B48A4 /* Frameworks */ = {
			isa = PBXFrameworksBuildPhase;
			buildActionMask = 2147483647;
			files = (
				A9E71AE1D14A1DF6930E2DFD /* Pods_SimpleFridgeTests.framework in Frameworks */,
			);
			runOnlyForDeploymentPostprocessing = 0;
		};
		EDD0D79721C7F4E4008B48A4 /* Frameworks */ = {
			isa = PBXFrameworksBuildPhase;
			buildActionMask = 2147483647;
			files = (
				2B8E60811369337C10A7B1DF /* Pods_SimpleFridgeUITests.framework in Frameworks */,
			);
			runOnlyForDeploymentPostprocessing = 0;
		};
/* End PBXFrameworksBuildPhase section */

/* Begin PBXGroup section */
		0E67D05221CA04D20030A9F5 /* View */ = {
			isa = PBXGroup;
			children = (
				EDD0D77D21C7F4E2008B48A4 /* MainVC.swift */,
				EDBE894521CE797C006A91D3 /* ItemVC.swift */,
				EDC431FB21CFEA7B0001B474 /* AddVC.swift */,
				0EA2E0C321D5441B00F08BA9 /* IconVC.swift */,
				0E67D05621CA06D90030A9F5 /* FridgeCell.swift */,
				EDBE894721CE7F18006A91D3 /* ItemCell.swift */,
				0EA2E0C521D545DB00F08BA9 /* IconCell.swift */,
			);
			path = View;
			sourceTree = "<group>";
		};
		0E67D05321CA05EE0030A9F5 /* Model */ = {
			isa = PBXGroup;
			children = (
				0EF9FAF321D3D7FD00C8A71C /* Item.swift */,
				0E97AA8621DD3A2E00B61DBD /* Fridge.swift */,
			);
			path = Model;
			sourceTree = "<group>";
		};
		0E67D05421CA06010030A9F5 /* Util */ = {
			isa = PBXGroup;
			children = (
				EDBE894921CE8F0C006A91D3 /* Segue.swift */,
				0EF9FAF521D3E7CB00C8A71C /* Delay.swift */,
				0E7CF92121D665B70009F591 /* DataPassable.swift */,
				0E2E4E0621DA8D6400D3A526 /* DatePickerView.swift */,
				0E2E4E0721DA8D6400D3A526 /* DatePickerView.xib */,
			);
			path = Util;
			sourceTree = "<group>";
		};
		0E67D05521CA060B0030A9F5 /* ViewModel */ = {
			isa = PBXGroup;
			children = (
				ED30BEE721CD248D0033B3D0 /* MainVM.swift */,
				ED30BEE921CD4DEE0033B3D0 /* ItemVM.swift */,
				EDC431FD21CFF1E60001B474 /* AddVM.swift */,
			);
			path = ViewModel;
			sourceTree = "<group>";
		};
		E537336DC526E84F20BA542A /* Frameworks */ = {
			isa = PBXGroup;
			children = (
				7D9BAF4A6BEE46E17EC30EFB /* Pods_SimpleFridge.framework */,
				5984C8708E707EB25E3142E0 /* Pods_SimpleFridgeTests.framework */,
				67723B82F6EF933712A90B45 /* Pods_SimpleFridgeUITests.framework */,
			);
			name = Frameworks;
			sourceTree = "<group>";
		};
		EDD0D76F21C7F4E2008B48A4 = {
			isa = PBXGroup;
			children = (
				EDD0D77A21C7F4E2008B48A4 /* SimpleFridge */,
				EDD0D79221C7F4E4008B48A4 /* SimpleFridgeTests */,
				EDD0D79D21C7F4E4008B48A4 /* SimpleFridgeUITests */,
				EDD0D77921C7F4E2008B48A4 /* Products */,
				FA6A03E81FF91279B1318FF8 /* Pods */,
				E537336DC526E84F20BA542A /* Frameworks */,
			);
			sourceTree = "<group>";
		};
		EDD0D77921C7F4E2008B48A4 /* Products */ = {
			isa = PBXGroup;
			children = (
				EDD0D77821C7F4E2008B48A4 /* SimpleFridge.app */,
				EDD0D78F21C7F4E4008B48A4 /* SimpleFridgeTests.xctest */,
				EDD0D79A21C7F4E4008B48A4 /* SimpleFridgeUITests.xctest */,
			);
			name = Products;
			sourceTree = "<group>";
		};
		EDD0D77A21C7F4E2008B48A4 /* SimpleFridge */ = {
			isa = PBXGroup;
			children = (
				0E67D05421CA06010030A9F5 /* Util */,
				0E67D05321CA05EE0030A9F5 /* Model */,
				0E67D05521CA060B0030A9F5 /* ViewModel */,
				0E67D05221CA04D20030A9F5 /* View */,
				EDD0D77B21C7F4E2008B48A4 /* AppDelegate.swift */,
				EDD0D77F21C7F4E2008B48A4 /* Main.storyboard */,
				EDD0D78521C7F4E4008B48A4 /* Assets.xcassets */,
				EDD0D78721C7F4E4008B48A4 /* LaunchScreen.storyboard */,
				EDD0D78A21C7F4E4008B48A4 /* Info.plist */,
				EDD0D78221C7F4E2008B48A4 /* SimpleFridge.xcdatamodeld */,
			);
			path = SimpleFridge;
			sourceTree = "<group>";
		};
		EDD0D79221C7F4E4008B48A4 /* SimpleFridgeTests */ = {
			isa = PBXGroup;
			children = (
				EDD0D79321C7F4E4008B48A4 /* SimpleFridgeTests.swift */,
				EDD0D79521C7F4E4008B48A4 /* Info.plist */,
			);
			path = SimpleFridgeTests;
			sourceTree = "<group>";
		};
		EDD0D79D21C7F4E4008B48A4 /* SimpleFridgeUITests */ = {
			isa = PBXGroup;
			children = (
				EDD0D79E21C7F4E4008B48A4 /* SimpleFridgeUITests.swift */,
				EDD0D7A021C7F4E4008B48A4 /* Info.plist */,
			);
			path = SimpleFridgeUITests;
			sourceTree = "<group>";
		};
		FA6A03E81FF91279B1318FF8 /* Pods */ = {
			isa = PBXGroup;
			children = (
				FDDCD8DCE0E64EDA9EF93C03 /* Pods-SimpleFridge.debug.xcconfig */,
				18935D33A4615A2EB05DB99E /* Pods-SimpleFridge.release.xcconfig */,
				52D03B892D09D5C405AC8A07 /* Pods-SimpleFridgeTests.debug.xcconfig */,
				E5B38288AA5F161786D75ACA /* Pods-SimpleFridgeTests.release.xcconfig */,
				F2CA1E43BAB158BA1F8B070A /* Pods-SimpleFridgeUITests.debug.xcconfig */,
				467CA7BBBAC6D5916820F09C /* Pods-SimpleFridgeUITests.release.xcconfig */,
			);
			name = Pods;
			sourceTree = "<group>";
		};
/* End PBXGroup section */

/* Begin PBXNativeTarget section */
		EDD0D77721C7F4E2008B48A4 /* SimpleFridge */ = {
			isa = PBXNativeTarget;
			buildConfigurationList = EDD0D7A321C7F4E4008B48A4 /* Build configuration list for PBXNativeTarget "SimpleFridge" */;
			buildPhases = (
				73A6BC2056BCD37E71DC1BD5 /* [CP] Check Pods Manifest.lock */,
				EDD0D77421C7F4E2008B48A4 /* Sources */,
				EDD0D77521C7F4E2008B48A4 /* Frameworks */,
				EDD0D77621C7F4E2008B48A4 /* Resources */,
				76B2B4A0877EBAF5549DCE6A /* [CP] Embed Pods Frameworks */,
			);
			buildRules = (
			);
			dependencies = (
			);
			name = SimpleFridge;
			productName = SimpleFridge;
			productReference = EDD0D77821C7F4E2008B48A4 /* SimpleFridge.app */;
			productType = "com.apple.product-type.application";
		};
		EDD0D78E21C7F4E4008B48A4 /* SimpleFridgeTests */ = {
			isa = PBXNativeTarget;
			buildConfigurationList = EDD0D7A621C7F4E4008B48A4 /* Build configuration list for PBXNativeTarget "SimpleFridgeTests" */;
			buildPhases = (
				62987C3A6872164B71546A8A /* [CP] Check Pods Manifest.lock */,
				EDD0D78B21C7F4E4008B48A4 /* Sources */,
				EDD0D78C21C7F4E4008B48A4 /* Frameworks */,
				EDD0D78D21C7F4E4008B48A4 /* Resources */,
				8CFDC65DC84427E8581A8BB8 /* [CP] Embed Pods Frameworks */,
			);
			buildRules = (
			);
			dependencies = (
				EDD0D79121C7F4E4008B48A4 /* PBXTargetDependency */,
			);
			name = SimpleFridgeTests;
			productName = SimpleFridgeTests;
			productReference = EDD0D78F21C7F4E4008B48A4 /* SimpleFridgeTests.xctest */;
			productType = "com.apple.product-type.bundle.unit-test";
		};
		EDD0D79921C7F4E4008B48A4 /* SimpleFridgeUITests */ = {
			isa = PBXNativeTarget;
			buildConfigurationList = EDD0D7A921C7F4E4008B48A4 /* Build configuration list for PBXNativeTarget "SimpleFridgeUITests" */;
			buildPhases = (
				9FBB6DCD3132027281B99122 /* [CP] Check Pods Manifest.lock */,
				EDD0D79621C7F4E4008B48A4 /* Sources */,
				EDD0D79721C7F4E4008B48A4 /* Frameworks */,
				EDD0D79821C7F4E4008B48A4 /* Resources */,
			);
			buildRules = (
			);
			dependencies = (
				EDD0D79C21C7F4E4008B48A4 /* PBXTargetDependency */,
			);
			name = SimpleFridgeUITests;
			productName = SimpleFridgeUITests;
			productReference = EDD0D79A21C7F4E4008B48A4 /* SimpleFridgeUITests.xctest */;
			productType = "com.apple.product-type.bundle.ui-testing";
		};
/* End PBXNativeTarget section */

/* Begin PBXProject section */
		EDD0D77021C7F4E2008B48A4 /* Project object */ = {
			isa = PBXProject;
			attributes = {
				LastSwiftUpdateCheck = 1010;
				LastUpgradeCheck = 1010;
				ORGANIZATIONNAME = "Natchanon A.";
				TargetAttributes = {
					EDD0D77721C7F4E2008B48A4 = {
						CreatedOnToolsVersion = 10.1;
					};
					EDD0D78E21C7F4E4008B48A4 = {
						CreatedOnToolsVersion = 10.1;
						TestTargetID = EDD0D77721C7F4E2008B48A4;
					};
					EDD0D79921C7F4E4008B48A4 = {
						CreatedOnToolsVersion = 10.1;
						TestTargetID = EDD0D77721C7F4E2008B48A4;
					};
				};
			};
			buildConfigurationList = EDD0D77321C7F4E2008B48A4 /* Build configuration list for PBXProject "SimpleFridge" */;
			compatibilityVersion = "Xcode 9.3";
			developmentRegion = en;
			hasScannedForEncodings = 0;
			knownRegions = (
				en,
				Base,
			);
			mainGroup = EDD0D76F21C7F4E2008B48A4;
			productRefGroup = EDD0D77921C7F4E2008B48A4 /* Products */;
			projectDirPath = "";
			projectRoot = "";
			targets = (
				EDD0D77721C7F4E2008B48A4 /* SimpleFridge */,
				EDD0D78E21C7F4E4008B48A4 /* SimpleFridgeTests */,
				EDD0D79921C7F4E4008B48A4 /* SimpleFridgeUITests */,
			);
		};
/* End PBXProject section */

/* Begin PBXResourcesBuildPhase section */
		EDD0D77621C7F4E2008B48A4 /* Resources */ = {
			isa = PBXResourcesBuildPhase;
			buildActionMask = 2147483647;
			files = (
				EDD0D78921C7F4E4008B48A4 /* LaunchScreen.storyboard in Resources */,
				EDD0D78621C7F4E4008B48A4 /* Assets.xcassets in Resources */,
				0E2E4E0921DA8D6400D3A526 /* DatePickerView.xib in Resources */,
				EDD0D78121C7F4E2008B48A4 /* Main.storyboard in Resources */,
			);
			runOnlyForDeploymentPostprocessing = 0;
		};
		EDD0D78D21C7F4E4008B48A4 /* Resources */ = {
			isa = PBXResourcesBuildPhase;
			buildActionMask = 2147483647;
			files = (
			);
			runOnlyForDeploymentPostprocessing = 0;
		};
		EDD0D79821C7F4E4008B48A4 /* Resources */ = {
			isa = PBXResourcesBuildPhase;
			buildActionMask = 2147483647;
			files = (
			);
			runOnlyForDeploymentPostprocessing = 0;
		};
/* End PBXResourcesBuildPhase section */

/* Begin PBXShellScriptBuildPhase section */
		62987C3A6872164B71546A8A /* [CP] Check Pods Manifest.lock */ = {
			isa = PBXShellScriptBuildPhase;
			buildActionMask = 2147483647;
			files = (
			);
			inputPaths = (
				"${PODS_PODFILE_DIR_PATH}/Podfile.lock",
				"${PODS_ROOT}/Manifest.lock",
			);
			name = "[CP] Check Pods Manifest.lock";
			outputPaths = (
				"$(DERIVED_FILE_DIR)/Pods-SimpleFridgeTests-checkManifestLockResult.txt",
			);
			runOnlyForDeploymentPostprocessing = 0;
			shellPath = /bin/sh;
			shellScript = "diff \"${PODS_PODFILE_DIR_PATH}/Podfile.lock\" \"${PODS_ROOT}/Manifest.lock\" > /dev/null\nif [ $? != 0 ] ; then\n    # print error to STDERR\n    echo \"error: The sandbox is not in sync with the Podfile.lock. Run 'pod install' or update your CocoaPods installation.\" >&2\n    exit 1\nfi\n# This output is used by Xcode 'outputs' to avoid re-running this script phase.\necho \"SUCCESS\" > \"${SCRIPT_OUTPUT_FILE_0}\"\n";
			showEnvVarsInLog = 0;
		};
		73A6BC2056BCD37E71DC1BD5 /* [CP] Check Pods Manifest.lock */ = {
			isa = PBXShellScriptBuildPhase;
			buildActionMask = 2147483647;
			files = (
			);
			inputPaths = (
				"${PODS_PODFILE_DIR_PATH}/Podfile.lock",
				"${PODS_ROOT}/Manifest.lock",
			);
			name = "[CP] Check Pods Manifest.lock";
			outputPaths = (
				"$(DERIVED_FILE_DIR)/Pods-SimpleFridge-checkManifestLockResult.txt",
			);
			runOnlyForDeploymentPostprocessing = 0;
			shellPath = /bin/sh;
			shellScript = "diff \"${PODS_PODFILE_DIR_PATH}/Podfile.lock\" \"${PODS_ROOT}/Manifest.lock\" > /dev/null\nif [ $? != 0 ] ; then\n    # print error to STDERR\n    echo \"error: The sandbox is not in sync with the Podfile.lock. Run 'pod install' or update your CocoaPods installation.\" >&2\n    exit 1\nfi\n# This output is used by Xcode 'outputs' to avoid re-running this script phase.\necho \"SUCCESS\" > \"${SCRIPT_OUTPUT_FILE_0}\"\n";
			showEnvVarsInLog = 0;
		};
		76B2B4A0877EBAF5549DCE6A /* [CP] Embed Pods Frameworks */ = {
			isa = PBXShellScriptBuildPhase;
			buildActionMask = 2147483647;
			files = (
			);
			inputPaths = (
				"${SRCROOT}/Pods/Target Support Files/Pods-SimpleFridge/Pods-SimpleFridge-frameworks.sh",
				"${BUILT_PRODUCTS_DIR}/RxAtomic/RxAtomic.framework",
				"${BUILT_PRODUCTS_DIR}/RxCocoa/RxCocoa.framework",
				"${BUILT_PRODUCTS_DIR}/RxSwift/RxSwift.framework",
			);
			name = "[CP] Embed Pods Frameworks";
			outputPaths = (
				"${TARGET_BUILD_DIR}/${FRAMEWORKS_FOLDER_PATH}/RxAtomic.framework",
				"${TARGET_BUILD_DIR}/${FRAMEWORKS_FOLDER_PATH}/RxCocoa.framework",
				"${TARGET_BUILD_DIR}/${FRAMEWORKS_FOLDER_PATH}/RxSwift.framework",
			);
			runOnlyForDeploymentPostprocessing = 0;
			shellPath = /bin/sh;
			shellScript = "\"${SRCROOT}/Pods/Target Support Files/Pods-SimpleFridge/Pods-SimpleFridge-frameworks.sh\"\n";
			showEnvVarsInLog = 0;
		};
		8CFDC65DC84427E8581A8BB8 /* [CP] Embed Pods Frameworks */ = {
			isa = PBXShellScriptBuildPhase;
			buildActionMask = 2147483647;
			files = (
			);
			inputPaths = (
				"${SRCROOT}/Pods/Target Support Files/Pods-SimpleFridgeTests/Pods-SimpleFridgeTests-frameworks.sh",
				"${BUILT_PRODUCTS_DIR}/RxAtomic/RxAtomic.framework",
				"${BUILT_PRODUCTS_DIR}/RxSwift/RxSwift.framework",
				"${BUILT_PRODUCTS_DIR}/RxBlocking/RxBlocking.framework",
				"${BUILT_PRODUCTS_DIR}/RxTest/RxTest.framework",
			);
			name = "[CP] Embed Pods Frameworks";
			outputPaths = (
				"${TARGET_BUILD_DIR}/${FRAMEWORKS_FOLDER_PATH}/RxAtomic.framework",
				"${TARGET_BUILD_DIR}/${FRAMEWORKS_FOLDER_PATH}/RxSwift.framework",
				"${TARGET_BUILD_DIR}/${FRAMEWORKS_FOLDER_PATH}/RxBlocking.framework",
				"${TARGET_BUILD_DIR}/${FRAMEWORKS_FOLDER_PATH}/RxTest.framework",
			);
			runOnlyForDeploymentPostprocessing = 0;
			shellPath = /bin/sh;
			shellScript = "\"${SRCROOT}/Pods/Target Support Files/Pods-SimpleFridgeTests/Pods-SimpleFridgeTests-frameworks.sh\"\n";
			showEnvVarsInLog = 0;
		};
		9FBB6DCD3132027281B99122 /* [CP] Check Pods Manifest.lock */ = {
			isa = PBXShellScriptBuildPhase;
			buildActionMask = 2147483647;
			files = (
			);
			inputPaths = (
				"${PODS_PODFILE_DIR_PATH}/Podfile.lock",
				"${PODS_ROOT}/Manifest.lock",
			);
			name = "[CP] Check Pods Manifest.lock";
			outputPaths = (
				"$(DERIVED_FILE_DIR)/Pods-SimpleFridgeUITests-checkManifestLockResult.txt",
			);
			runOnlyForDeploymentPostprocessing = 0;
			shellPath = /bin/sh;
			shellScript = "diff \"${PODS_PODFILE_DIR_PATH}/Podfile.lock\" \"${PODS_ROOT}/Manifest.lock\" > /dev/null\nif [ $? != 0 ] ; then\n    # print error to STDERR\n    echo \"error: The sandbox is not in sync with the Podfile.lock. Run 'pod install' or update your CocoaPods installation.\" >&2\n    exit 1\nfi\n# This output is used by Xcode 'outputs' to avoid re-running this script phase.\necho \"SUCCESS\" > \"${SCRIPT_OUTPUT_FILE_0}\"\n";
			showEnvVarsInLog = 0;
		};
/* End PBXShellScriptBuildPhase section */

/* Begin PBXSourcesBuildPhase section */
		EDD0D77421C7F4E2008B48A4 /* Sources */ = {
			isa = PBXSourcesBuildPhase;
			buildActionMask = 2147483647;
			files = (
				0E97AA8721DD3A2E00B61DBD /* Fridge.swift in Sources */,
				EDBE894821CE7F18006A91D3 /* ItemCell.swift in Sources */,
				0E67D05721CA06D90030A9F5 /* FridgeCell.swift in Sources */,
				0E7CF92221D665B70009F591 /* DataPassable.swift in Sources */,
				ED30BEEA21CD4DEE0033B3D0 /* ItemVM.swift in Sources */,
				ED30BEE821CD248D0033B3D0 /* MainVM.swift in Sources */,
				0EF9FAF421D3D7FD00C8A71C /* Item.swift in Sources */,
				EDC431FC21CFEA7B0001B474 /* AddVC.swift in Sources */,
				EDD0D77E21C7F4E2008B48A4 /* MainVC.swift in Sources */,
				0EA2E0C421D5441B00F08BA9 /* IconVC.swift in Sources */,
				0E2E4E0821DA8D6400D3A526 /* DatePickerView.swift in Sources */,
				EDD0D78421C7F4E2008B48A4 /* SimpleFridge.xcdatamodeld in Sources */,
				EDBE894621CE797C006A91D3 /* ItemVC.swift in Sources */,
				EDBE894A21CE8F0C006A91D3 /* Segue.swift in Sources */,
				0EA2E0C621D545DB00F08BA9 /* IconCell.swift in Sources */,
				EDC431FE21CFF1E60001B474 /* AddVM.swift in Sources */,
				EDD0D77C21C7F4E2008B48A4 /* AppDelegate.swift in Sources */,
				0EF9FAF621D3E7CB00C8A71C /* Delay.swift in Sources */,
			);
			runOnlyForDeploymentPostprocessing = 0;
		};
		EDD0D78B21C7F4E4008B48A4 /* Sources */ = {
			isa = PBXSourcesBuildPhase;
			buildActionMask = 2147483647;
			files = (
				EDD0D79421C7F4E4008B48A4 /* SimpleFridgeTests.swift in Sources */,
			);
			runOnlyForDeploymentPostprocessing = 0;
		};
		EDD0D79621C7F4E4008B48A4 /* Sources */ = {
			isa = PBXSourcesBuildPhase;
			buildActionMask = 2147483647;
			files = (
				EDD0D79F21C7F4E4008B48A4 /* SimpleFridgeUITests.swift in Sources */,
			);
			runOnlyForDeploymentPostprocessing = 0;
		};
/* End PBXSourcesBuildPhase section */

/* Begin PBXTargetDependency section */
		EDD0D79121C7F4E4008B48A4 /* PBXTargetDependency */ = {
			isa = PBXTargetDependency;
			target = EDD0D77721C7F4E2008B48A4 /* SimpleFridge */;
			targetProxy = EDD0D79021C7F4E4008B48A4 /* PBXContainerItemProxy */;
		};
		EDD0D79C21C7F4E4008B48A4 /* PBXTargetDependency */ = {
			isa = PBXTargetDependency;
			target = EDD0D77721C7F4E2008B48A4 /* SimpleFridge */;
			targetProxy = EDD0D79B21C7F4E4008B48A4 /* PBXContainerItemProxy */;
		};
/* End PBXTargetDependency section */

/* Begin PBXVariantGroup section */
		EDD0D77F21C7F4E2008B48A4 /* Main.storyboard */ = {
			isa = PBXVariantGroup;
			children = (
				EDD0D78021C7F4E2008B48A4 /* Base */,
			);
			name = Main.storyboard;
			sourceTree = "<group>";
		};
		EDD0D78721C7F4E4008B48A4 /* LaunchScreen.storyboard */ = {
			isa = PBXVariantGroup;
			children = (
				EDD0D78821C7F4E4008B48A4 /* Base */,
			);
			name = LaunchScreen.storyboard;
			sourceTree = "<group>";
		};
/* End PBXVariantGroup section */

/* Begin XCBuildConfiguration section */
		EDD0D7A121C7F4E4008B48A4 /* Debug */ = {
			isa = XCBuildConfiguration;
			buildSettings = {
				ALWAYS_SEARCH_USER_PATHS = NO;
				CLANG_ANALYZER_NONNULL = YES;
				CLANG_ANALYZER_NUMBER_OBJECT_CONVERSION = YES_AGGRESSIVE;
				CLANG_CXX_LANGUAGE_STANDARD = "gnu++14";
				CLANG_CXX_LIBRARY = "libc++";
				CLANG_ENABLE_MODULES = YES;
				CLANG_ENABLE_OBJC_ARC = YES;
				CLANG_ENABLE_OBJC_WEAK = YES;
				CLANG_WARN_BLOCK_CAPTURE_AUTORELEASING = YES;
				CLANG_WARN_BOOL_CONVERSION = YES;
				CLANG_WARN_COMMA = YES;
				CLANG_WARN_CONSTANT_CONVERSION = YES;
				CLANG_WARN_DEPRECATED_OBJC_IMPLEMENTATIONS = YES;
				CLANG_WARN_DIRECT_OBJC_ISA_USAGE = YES_ERROR;
				CLANG_WARN_DOCUMENTATION_COMMENTS = YES;
				CLANG_WARN_EMPTY_BODY = YES;
				CLANG_WARN_ENUM_CONVERSION = YES;
				CLANG_WARN_INFINITE_RECURSION = YES;
				CLANG_WARN_INT_CONVERSION = YES;
				CLANG_WARN_NON_LITERAL_NULL_CONVERSION = YES;
				CLANG_WARN_OBJC_IMPLICIT_RETAIN_SELF = YES;
				CLANG_WARN_OBJC_LITERAL_CONVERSION = YES;
				CLANG_WARN_OBJC_ROOT_CLASS = YES_ERROR;
				CLANG_WARN_RANGE_LOOP_ANALYSIS = YES;
				CLANG_WARN_STRICT_PROTOTYPES = YES;
				CLANG_WARN_SUSPICIOUS_MOVE = YES;
				CLANG_WARN_UNGUARDED_AVAILABILITY = YES_AGGRESSIVE;
				CLANG_WARN_UNREACHABLE_CODE = YES;
				CLANG_WARN__DUPLICATE_METHOD_MATCH = YES;
				CODE_SIGN_IDENTITY = "iPhone Developer";
				COPY_PHASE_STRIP = NO;
				DEBUG_INFORMATION_FORMAT = dwarf;
				ENABLE_STRICT_OBJC_MSGSEND = YES;
				ENABLE_TESTABILITY = YES;
				GCC_C_LANGUAGE_STANDARD = gnu11;
				GCC_DYNAMIC_NO_PIC = NO;
				GCC_NO_COMMON_BLOCKS = YES;
				GCC_OPTIMIZATION_LEVEL = 0;
				GCC_PREPROCESSOR_DEFINITIONS = (
					"DEBUG=1",
					"$(inherited)",
				);
				GCC_WARN_64_TO_32_BIT_CONVERSION = YES;
				GCC_WARN_ABOUT_RETURN_TYPE = YES_ERROR;
				GCC_WARN_UNDECLARED_SELECTOR = YES;
				GCC_WARN_UNINITIALIZED_AUTOS = YES_AGGRESSIVE;
				GCC_WARN_UNUSED_FUNCTION = YES;
				GCC_WARN_UNUSED_VARIABLE = YES;
				IPHONEOS_DEPLOYMENT_TARGET = 12.1;
				MTL_ENABLE_DEBUG_INFO = INCLUDE_SOURCE;
				MTL_FAST_MATH = YES;
				ONLY_ACTIVE_ARCH = YES;
				SDKROOT = iphoneos;
				SWIFT_ACTIVE_COMPILATION_CONDITIONS = DEBUG;
				SWIFT_OPTIMIZATION_LEVEL = "-Onone";
			};
			name = Debug;
		};
		EDD0D7A221C7F4E4008B48A4 /* Release */ = {
			isa = XCBuildConfiguration;
			buildSettings = {
				ALWAYS_SEARCH_USER_PATHS = NO;
				CLANG_ANALYZER_NONNULL = YES;
				CLANG_ANALYZER_NUMBER_OBJECT_CONVERSION = YES_AGGRESSIVE;
				CLANG_CXX_LANGUAGE_STANDARD = "gnu++14";
				CLANG_CXX_LIBRARY = "libc++";
				CLANG_ENABLE_MODULES = YES;
				CLANG_ENABLE_OBJC_ARC = YES;
				CLANG_ENABLE_OBJC_WEAK = YES;
				CLANG_WARN_BLOCK_CAPTURE_AUTORELEASING = YES;
				CLANG_WARN_BOOL_CONVERSION = YES;
				CLANG_WARN_COMMA = YES;
				CLANG_WARN_CONSTANT_CONVERSION = YES;
				CLANG_WARN_DEPRECATED_OBJC_IMPLEMENTATIONS = YES;
				CLANG_WARN_DIRECT_OBJC_ISA_USAGE = YES_ERROR;
				CLANG_WARN_DOCUMENTATION_COMMENTS = YES;
				CLANG_WARN_EMPTY_BODY = YES;
				CLANG_WARN_ENUM_CONVERSION = YES;
				CLANG_WARN_INFINITE_RECURSION = YES;
				CLANG_WARN_INT_CONVERSION = YES;
				CLANG_WARN_NON_LITERAL_NULL_CONVERSION = YES;
				CLANG_WARN_OBJC_IMPLICIT_RETAIN_SELF = YES;
				CLANG_WARN_OBJC_LITERAL_CONVERSION = YES;
				CLANG_WARN_OBJC_ROOT_CLASS = YES_ERROR;
				CLANG_WARN_RANGE_LOOP_ANALYSIS = YES;
				CLANG_WARN_STRICT_PROTOTYPES = YES;
				CLANG_WARN_SUSPICIOUS_MOVE = YES;
				CLANG_WARN_UNGUARDED_AVAILABILITY = YES_AGGRESSIVE;
				CLANG_WARN_UNREACHABLE_CODE = YES;
				CLANG_WARN__DUPLICATE_METHOD_MATCH = YES;
				CODE_SIGN_IDENTITY = "iPhone Developer";
				COPY_PHASE_STRIP = NO;
				DEBUG_INFORMATION_FORMAT = "dwarf-with-dsym";
				ENABLE_NS_ASSERTIONS = NO;
				ENABLE_STRICT_OBJC_MSGSEND = YES;
				GCC_C_LANGUAGE_STANDARD = gnu11;
				GCC_NO_COMMON_BLOCKS = YES;
				GCC_WARN_64_TO_32_BIT_CONVERSION = YES;
				GCC_WARN_ABOUT_RETURN_TYPE = YES_ERROR;
				GCC_WARN_UNDECLARED_SELECTOR = YES;
				GCC_WARN_UNINITIALIZED_AUTOS = YES_AGGRESSIVE;
				GCC_WARN_UNUSED_FUNCTION = YES;
				GCC_WARN_UNUSED_VARIABLE = YES;
				IPHONEOS_DEPLOYMENT_TARGET = 12.1;
				MTL_ENABLE_DEBUG_INFO = NO;
				MTL_FAST_MATH = YES;
				SDKROOT = iphoneos;
				SWIFT_COMPILATION_MODE = wholemodule;
				SWIFT_OPTIMIZATION_LEVEL = "-O";
				VALIDATE_PRODUCT = YES;
			};
			name = Release;
		};
		EDD0D7A421C7F4E4008B48A4 /* Debug */ = {
			isa = XCBuildConfiguration;
			baseConfigurationReference = FDDCD8DCE0E64EDA9EF93C03 /* Pods-SimpleFridge.debug.xcconfig */;
			buildSettings = {
				ASSETCATALOG_COMPILER_APPICON_NAME = AppIcon;
				CODE_SIGN_STYLE = Automatic;
				DEVELOPMENT_TEAM = S77U83ZW64;
				INFOPLIST_FILE = SimpleFridge/Info.plist;
				LD_RUNPATH_SEARCH_PATHS = (
					"$(inherited)",
					"@executable_path/Frameworks",
				);
				PRODUCT_BUNDLE_IDENTIFIER = com.natchanona.SimpleFridge;
				PRODUCT_NAME = "$(TARGET_NAME)";
				SWIFT_VERSION = 4.2;
				TARGETED_DEVICE_FAMILY = "1,2";
			};
			name = Debug;
		};
		EDD0D7A521C7F4E4008B48A4 /* Release */ = {
			isa = XCBuildConfiguration;
			baseConfigurationReference = 18935D33A4615A2EB05DB99E /* Pods-SimpleFridge.release.xcconfig */;
			buildSettings = {
				ASSETCATALOG_COMPILER_APPICON_NAME = AppIcon;
				CODE_SIGN_STYLE = Automatic;
				DEVELOPMENT_TEAM = S77U83ZW64;
				INFOPLIST_FILE = SimpleFridge/Info.plist;
				LD_RUNPATH_SEARCH_PATHS = (
					"$(inherited)",
					"@executable_path/Frameworks",
				);
				PRODUCT_BUNDLE_IDENTIFIER = com.natchanona.SimpleFridge;
				PRODUCT_NAME = "$(TARGET_NAME)";
				SWIFT_VERSION = 4.2;
				TARGETED_DEVICE_FAMILY = "1,2";
			};
			name = Release;
		};
		EDD0D7A721C7F4E4008B48A4 /* Debug */ = {
			isa = XCBuildConfiguration;
			baseConfigurationReference = 52D03B892D09D5C405AC8A07 /* Pods-SimpleFridgeTests.debug.xcconfig */;
			buildSettings = {
				ALWAYS_EMBED_SWIFT_STANDARD_LIBRARIES = YES;
				BUNDLE_LOADER = "$(TEST_HOST)";
				CODE_SIGN_STYLE = Automatic;
				DEVELOPMENT_TEAM = S77U83ZW64;
				INFOPLIST_FILE = SimpleFridgeTests/Info.plist;
				LD_RUNPATH_SEARCH_PATHS = (
					"$(inherited)",
					"@executable_path/Frameworks",
					"@loader_path/Frameworks",
				);
				PRODUCT_BUNDLE_IDENTIFIER = com.natchanona.SimpleFridgeTests;
				PRODUCT_NAME = "$(TARGET_NAME)";
				SWIFT_VERSION = 4.2;
				TARGETED_DEVICE_FAMILY = "1,2";
				TEST_HOST = "$(BUILT_PRODUCTS_DIR)/SimpleFridge.app/SimpleFridge";
			};
			name = Debug;
		};
		EDD0D7A821C7F4E4008B48A4 /* Release */ = {
			isa = XCBuildConfiguration;
			baseConfigurationReference = E5B38288AA5F161786D75ACA /* Pods-SimpleFridgeTests.release.xcconfig */;
			buildSettings = {
				ALWAYS_EMBED_SWIFT_STANDARD_LIBRARIES = YES;
				BUNDLE_LOADER = "$(TEST_HOST)";
				CODE_SIGN_STYLE = Automatic;
				DEVELOPMENT_TEAM = S77U83ZW64;
				INFOPLIST_FILE = SimpleFridgeTests/Info.plist;
				LD_RUNPATH_SEARCH_PATHS = (
					"$(inherited)",
					"@executable_path/Frameworks",
					"@loader_path/Frameworks",
				);
				PRODUCT_BUNDLE_IDENTIFIER = com.natchanona.SimpleFridgeTests;
				PRODUCT_NAME = "$(TARGET_NAME)";
				SWIFT_VERSION = 4.2;
				TARGETED_DEVICE_FAMILY = "1,2";
				TEST_HOST = "$(BUILT_PRODUCTS_DIR)/SimpleFridge.app/SimpleFridge";
			};
			name = Release;
		};
		EDD0D7AA21C7F4E4008B48A4 /* Debug */ = {
			isa = XCBuildConfiguration;
			baseConfigurationReference = F2CA1E43BAB158BA1F8B070A /* Pods-SimpleFridgeUITests.debug.xcconfig */;
			buildSettings = {
				ALWAYS_EMBED_SWIFT_STANDARD_LIBRARIES = YES;
				CODE_SIGN_STYLE = Automatic;
				DEVELOPMENT_TEAM = S77U83ZW64;
				INFOPLIST_FILE = SimpleFridgeUITests/Info.plist;
				LD_RUNPATH_SEARCH_PATHS = (
					"$(inherited)",
					"@executable_path/Frameworks",
					"@loader_path/Frameworks",
				);
				PRODUCT_BUNDLE_IDENTIFIER = com.natchanona.SimpleFridgeUITests;
				PRODUCT_NAME = "$(TARGET_NAME)";
				SWIFT_VERSION = 4.2;
				TARGETED_DEVICE_FAMILY = "1,2";
				TEST_TARGET_NAME = SimpleFridge;
			};
			name = Debug;
		};
		EDD0D7AB21C7F4E4008B48A4 /* Release */ = {
			isa = XCBuildConfiguration;
			baseConfigurationReference = 467CA7BBBAC6D5916820F09C /* Pods-SimpleFridgeUITests.release.xcconfig */;
			buildSettings = {
				ALWAYS_EMBED_SWIFT_STANDARD_LIBRARIES = YES;
				CODE_SIGN_STYLE = Automatic;
				DEVELOPMENT_TEAM = S77U83ZW64;
				INFOPLIST_FILE = SimpleFridgeUITests/Info.plist;
				LD_RUNPATH_SEARCH_PATHS = (
					"$(inherited)",
					"@executable_path/Frameworks",
					"@loader_path/Frameworks",
				);
				PRODUCT_BUNDLE_IDENTIFIER = com.natchanona.SimpleFridgeUITests;
				PRODUCT_NAME = "$(TARGET_NAME)";
				SWIFT_VERSION = 4.2;
				TARGETED_DEVICE_FAMILY = "1,2";
				TEST_TARGET_NAME = SimpleFridge;
			};
			name = Release;
		};
/* End XCBuildConfiguration section */

/* Begin XCConfigurationList section */
		EDD0D77321C7F4E2008B48A4 /* Build configuration list for PBXProject "SimpleFridge" */ = {
			isa = XCConfigurationList;
			buildConfigurations = (
				EDD0D7A121C7F4E4008B48A4 /* Debug */,
				EDD0D7A221C7F4E4008B48A4 /* Release */,
			);
			defaultConfigurationIsVisible = 0;
			defaultConfigurationName = Release;
		};
		EDD0D7A321C7F4E4008B48A4 /* Build configuration list for PBXNativeTarget "SimpleFridge" */ = {
			isa = XCConfigurationList;
			buildConfigurations = (
				EDD0D7A421C7F4E4008B48A4 /* Debug */,
				EDD0D7A521C7F4E4008B48A4 /* Release */,
			);
			defaultConfigurationIsVisible = 0;
			defaultConfigurationName = Release;
		};
		EDD0D7A621C7F4E4008B48A4 /* Build configuration list for PBXNativeTarget "SimpleFridgeTests" */ = {
			isa = XCConfigurationList;
			buildConfigurations = (
				EDD0D7A721C7F4E4008B48A4 /* Debug */,
				EDD0D7A821C7F4E4008B48A4 /* Release */,
			);
			defaultConfigurationIsVisible = 0;
			defaultConfigurationName = Release;
		};
		EDD0D7A921C7F4E4008B48A4 /* Build configuration list for PBXNativeTarget "SimpleFridgeUITests" */ = {
			isa = XCConfigurationList;
			buildConfigurations = (
				EDD0D7AA21C7F4E4008B48A4 /* Debug */,
				EDD0D7AB21C7F4E4008B48A4 /* Release */,
			);
			defaultConfigurationIsVisible = 0;
			defaultConfigurationName = Release;
		};
/* End XCConfigurationList section */

/* Begin XCVersionGroup section */
		EDD0D78221C7F4E2008B48A4 /* SimpleFridge.xcdatamodeld */ = {
			isa = XCVersionGroup;
			children = (
				EDD0D78321C7F4E2008B48A4 /* SimpleFridge.xcdatamodel */,
			);
			currentVersion = EDD0D78321C7F4E2008B48A4 /* SimpleFridge.xcdatamodel */;
			path = SimpleFridge.xcdatamodeld;
			sourceTree = "<group>";
			versionGroupType = wrapper.xcdatamodel;
		};
/* End XCVersionGroup section */
	};
	rootObject = EDD0D77021C7F4E2008B48A4 /* Project object */;
}
